
Microsoft Visual Studio Solution File, Format Version 12.00
# Visual Studio Version 17
VisualStudioVersion = 17.9.34714.143
MinimumVisualStudioVersion = 10.0.40219.1
Project("{8BC9CEB8-8B4A-11D0-8D11-00A0C91BC942}") = "ChatTool", "ChatTool\ChatTool.vcxproj", "{A46EB388-965E-4200-A358-527CC24A8505}"
EndProject
Project("{8BC9CEB8-8B4A-11D0-8D11-00A0C91BC942}") = "ChatTool_Server", "ChatTool_Server\ChatTool_Server.vcxproj", "{93EFA401-CA38-4640-A13C-955AD8787F2B}"
EndProject
Global
	GlobalSection(SolutionConfigurationPlatforms) = preSolution
		Debug|x64 = Debug|x64
		Debug|x86 = Debug|x86
		Release|x64 = Release|x64
		Release|x86 = Release|x86
	EndGlobalSection
	GlobalSection(ProjectConfigurationPlatforms) = postSolution
		{A46EB388-965E-4200-A358-527CC24A8505}.Debug|x64.ActiveCfg = Debug|x64
		{A46EB388-965E-4200-A358-527CC24A8505}.Debug|x64.Build.0 = Debug|x64
		{A46EB388-965E-4200-A358-527CC24A8505}.Debug|x86.ActiveCfg = Debug|Win32
		{A46EB388-965E-4200-A358-527CC24A8505}.Debug|x86.Build.0 = Debug|Win32
		{A46EB388-965E-4200-A358-527CC24A8505}.Release|x64.ActiveCfg = Release|x64
		{A46EB388-965E-4200-A358-527CC24A8505}.Release|x64.Build.0 = Release|x64
		{A46EB388-965E-4200-A358-527CC24A8505}.Release|x86.ActiveCfg = Release|Win32
		{A46EB388-965E-4200-A358-527CC24A8505}.Release|x86.Build.0 = Release|Win32
		{93EFA401-CA38-4640-A13C-955AD8787F2B}.Debug|x64.ActiveCfg = Debug|x64
		{93EFA401-CA38-4640-A13C-955AD8787F2B}.Debug|x64.Build.0 = Debug|x64
		{93EFA401-CA38-4640-A13C-955AD8787F2B}.Debug|x86.ActiveCfg = Debug|Win32
		{93EFA401-CA38-4640-A13C-955AD8787F2B}.Debug|x86.Build.0 = Debug|Win32
		{93EFA401-CA38-4640-A13C-955AD8787F2B}.Release|x64.ActiveCfg = Release|x64
		{93EFA401-CA38-4640-A13C-955AD8787F2B}.Release|x64.Build.0 = Release|x64
		{93EFA401-CA38-4640-A13C-955AD8787F2B}.Release|x86.ActiveCfg = Release|Win32
		{93EFA401-CA38-4640-A13C-955AD8787F2B}.Release|x86.Build.0 = Release|Win32
	EndGlobalSection
	GlobalSection(SolutionProperties) = preSolution
		HideSolutionNode = FALSE
	EndGlobalSection
	GlobalSection(ExtensibilityGlobals) = postSolution
		SolutionGuid = {7DF25336-9E75-41E6-B10E-E7C9F441F84F}
	EndGlobalSection
EndGlobal
